{
  "version": 4,
  "terraform_version": "1.1.3",
  "serial": 140,
  "lineage": "a46cd5b8-a33d-bf92-75e0-a61c0a01d639",
  "outputs": {
    "az": {
      "value": [
        "us-east-1a",
        "us-east-1b",
        "us-east-1c",
        "us-east-1d",
        "us-east-1e",
        "us-east-1f"
      ],
      "type": [
        "list",
        "string"
      ]
    }
  },
  "resources": [
    {
      "mode": "data",
      "type": "aws_availability_zones",
      "name": "azs",
      "provider": "provider[\"registry.terraform.io/hashicorp/aws\"]",
      "instances": [
        {
          "schema_version": 0,
          "attributes": {
            "all_availability_zones": null,
            "exclude_names": null,
            "exclude_zone_ids": null,
            "filter": null,
            "group_names": [
              "us-east-1"
            ],
            "id": "us-east-1",
            "names": [
              "us-east-1a",
              "us-east-1b",
              "us-east-1c",
              "us-east-1d",
              "us-east-1e",
              "us-east-1f"
            ],
            "state": null,
            "zone_ids": [
              "use1-az6",
              "use1-az1",
              "use1-az2",
              "use1-az4",
              "use1-az3",
              "use1-az5"
            ]
          },
          "sensitive_attributes": []
        }
      ]
    },
    {
      "mode": "managed",
      "type": "aws_cloudwatch_log_group",
      "name": "log",
      "provider": "provider[\"registry.terraform.io/hashicorp/aws\"]",
      "instances": [
        {
          "schema_version": 0,
          "attributes": {
            "arn": "arn:aws:logs:us-east-1:299566667849:log-group:/aws/eks/kube-clustercamara/cluster",
            "id": "/aws/eks/kube-clustercamara/cluster",
            "kms_key_id": "",
            "name": "/aws/eks/kube-clustercamara/cluster",
            "name_prefix": null,
            "retention_in_days": 30,
            "tags": {},
            "tags_all": {}
          },
          "sensitive_attributes": [],
          "private": "bnVsbA=="
        }
      ]
    },
    {
      "mode": "managed",
      "type": "aws_eks_cluster",
      "name": "cluster",
      "provider": "provider[\"registry.terraform.io/hashicorp/aws\"]",
      "instances": [
        {
          "schema_version": 0,
          "attributes": {
            "arn": "arn:aws:eks:us-east-1:299566667849:cluster/kube-clustercamara",
            "certificate_authority": [
              {
                "data": "LS0tLS1CRUdJTiBDRVJUSUZJQ0FURS0tLS0tCk1JSUM1ekNDQWMrZ0F3SUJBZ0lCQURBTkJna3Foa2lHOXcwQkFRc0ZBREFWTVJNd0VRWURWUVFERXdwcmRXSmwKY201bGRHVnpNQjRYRFRJeU1ERXhOREV6TXpJeU1sb1hEVE15TURFeE1qRXpNekl5TWxvd0ZURVRNQkVHQTFVRQpBeE1LYTNWaVpYSnVaWFJsY3pDQ0FTSXdEUVlKS29aSWh2Y05BUUVCQlFBRGdnRVBBRENDQVFvQ2dnRUJBTU1UCmZGaG5obmVnYXZ0SnU1cUE3NW1ueC9mMHdabkY5RFZyckVsV1Z0ZTM2ZlIzREVNY251elVwTGxETWJkZ0MrUHgKcGhnOFd5RGNiR0gzb3FhUHQ1RjRXK1BkdXNRaldJaHpjdjdObWw4NmRoeEF5SDZ3NitacG9DbTFWZEtOUk00UwpPNXV0N3o3d1Fsc2lYai9iemVGdFF6YS93OHArU0psYnViSVVlZlAzWHpod21TeXVuYWxlaTZFMTBWaVduZzJzCnhOYkU0Z3luN2l3TWdzK3lRVkRxUkdhVmE5byt4dWhDdmtWSElBSnBJSDg5QUh5KyszRVE4YVE2MzJDbk5DdE0KdUJlUHFUK3pxa2hlZVgyR3dMWmdvQXRNa0Y5WnpjQS9sWWdoSzdFbUc3NHNhckg2U1dSNDhDcEVwQnBFKy9mZwo0UGJDeHhFT0g0dUFDRXQvOUgwQ0F3RUFBYU5DTUVBd0RnWURWUjBQQVFIL0JBUURBZ0trTUE4R0ExVWRFd0VCCi93UUZNQU1CQWY4d0hRWURWUjBPQkJZRUZQLytsdTJpYkpYd0FOaGRGTzlVSUdFSHl3bWFNQTBHQ1NxR1NJYjMKRFFFQkN3VUFBNElCQVFBb0RaMTVVdW81eVRCNnJKWS9aUkFxeEQyOVhrZkI5Y01uWGUzTGgyY2xHeUVvTGFTQQpENDVUSW14VHpVZVlEUStnSzUvczhhY0dNQVBISktmL0RmVUFYNnRmMDR2TXB1TDFLWi9ORnJxNHRCaGlnNDJLClBIMWRYUThvWnlxMjNwMDNZcHBzRjY0Q1ZlcEhUTkd0UEhhWDlSdnJGbFFaR1B5RmpUWjhIeHMybWZXWlY2R2IKNnhmcTZUbWdjNHhscTVmWlFML0V5QnZIRWh6Nkw0S0txbDdtYkF5V0FHN3BoMkcxMTBacDlqR0RSMlk0Um9rNgpzNEZ1eUVBTVRzVENFMnVabmhsWFNKd3pLeDV0WkRVQTZVVmFrcUNwMk9CYkVwdVBaRTNXbDYxT3BVek1JKzFSCkJZYnpPb1J6VXJoMm1GU2l2bUl2VDZ2cXNDZ1VmcWRZN1N4eAotLS0tLUVORCBDRVJUSUZJQ0FURS0tLS0tCg=="
              }
            ],
            "created_at": "2022-01-14 13:24:59.36 +0000 UTC",
            "enabled_cluster_log_types": [
              "api",
              "audit"
            ],
            "encryption_config": [],
            "endpoint": "https://8F9B0080C2BD61817ED033DE885B02AA.gr7.us-east-1.eks.amazonaws.com",
            "id": "kube-clustercamara",
            "identity": [
              {
                "oidc": [
                  {
                    "issuer": "https://oidc.eks.us-east-1.amazonaws.com/id/8F9B0080C2BD61817ED033DE885B02AA"
                  }
                ]
              }
            ],
            "kubernetes_network_config": [
              {
                "service_ipv4_cidr": "172.20.0.0/16"
              }
            ],
            "name": "kube-clustercamara",
            "platform_version": "eks.4",
            "role_arn": "arn:aws:iam::299566667849:role/kube-clustercamara-role",
            "status": "ACTIVE",
            "tags": {},
            "tags_all": {},
            "timeouts": null,
            "version": "1.21",
            "vpc_config": [
              {
                "cluster_security_group_id": "sg-0b1112db9d5e7223d",
                "endpoint_private_access": false,
                "endpoint_public_access": true,
                "public_access_cidrs": [
                  "0.0.0.0/0"
                ],
                "security_group_ids": [
                  "sg-054967f25f46c9da4"
                ],
                "subnet_ids": [
                  "subnet-0976f2f4c613023d7",
                  "subnet-0b992bea7d685172d"
                ],
                "vpc_id": "vpc-020b3677175c475e6"
              }
            ]
          },
          "sensitive_attributes": [],
          "private": "eyJlMmJmYjczMC1lY2FhLTExZTYtOGY4OC0zNDM2M2JjN2M0YzAiOnsiY3JlYXRlIjoxODAwMDAwMDAwMDAwLCJkZWxldGUiOjkwMDAwMDAwMDAwMCwidXBkYXRlIjozNjAwMDAwMDAwMDAwfX0=",
          "dependencies": [
            "aws_security_group.sg",
            "aws_subnet.subnets",
            "aws_vpc.kube-vpc",
            "data.aws_availability_zones.azs",
            "aws_cloudwatch_log_group.log",
            "aws_iam_role.cluster-role",
            "aws_iam_role_policy_attachment.cluster-AmazonEKSClusterPolicy",
            "aws_iam_role_policy_attachment.cluster-AmazonEKSVPCResourceController"
          ]
        }
      ]
    },
    {
      "mode": "managed",
      "type": "aws_eks_node_group",
      "name": "node-1",
      "provider": "provider[\"registry.terraform.io/hashicorp/aws\"]",
      "instances": [
        {
          "schema_version": 0,
          "attributes": {
            "ami_type": "AL2_x86_64",
            "arn": "arn:aws:eks:us-east-1:299566667849:nodegroup/kube-clustercamara/node-1/7cbf2c67-5f62-df5a-94f4-6a57bf33b6ea",
            "capacity_type": "ON_DEMAND",
            "cluster_name": "kube-clustercamara",
            "disk_size": 20,
            "force_update_version": null,
            "id": "kube-clustercamara:node-1",
            "instance_types": [
              "t3.micro"
            ],
            "labels": {},
            "launch_template": [],
            "node_group_name": "node-1",
            "node_group_name_prefix": "",
            "node_role_arn": "arn:aws:iam::299566667849:role/kube-clustercamara-role-node",
            "release_version": "1.21.5-20220112",
            "remote_access": [],
            "resources": [
              {
                "autoscaling_groups": [
                  {
                    "name": "eks-node-1-7cbf2c67-5f62-df5a-94f4-6a57bf33b6ea"
                  }
                ],
                "remote_access_security_group_id": ""
              }
            ],
            "scaling_config": [
              {
                "desired_size": 2,
                "max_size": 4,
                "min_size": 2
              }
            ],
            "status": "ACTIVE",
            "subnet_ids": [
              "subnet-0976f2f4c613023d7",
              "subnet-0b992bea7d685172d"
            ],
            "tags": {},
            "tags_all": {},
            "taint": [],
            "timeouts": null,
            "update_config": [
              {
                "max_unavailable": 1,
                "max_unavailable_percentage": 0
              }
            ],
            "version": "1.21"
          },
          "sensitive_attributes": [],
          "private": "eyJlMmJmYjczMC1lY2FhLTExZTYtOGY4OC0zNDM2M2JjN2M0YzAiOnsiY3JlYXRlIjozNjAwMDAwMDAwMDAwLCJkZWxldGUiOjM2MDAwMDAwMDAwMDAsInVwZGF0ZSI6MzYwMDAwMDAwMDAwMH19",
          "dependencies": [
            "aws_vpc.kube-vpc",
            "aws_cloudwatch_log_group.log",
            "aws_iam_role_policy_attachment.cluster-AmazonEKSVPCResourceController",
            "aws_iam_role_policy_attachment.node-AmazonEKS_CNI_Policy",
            "aws_iam_role_policy_attachment.cluster-AmazonEKSClusterPolicy",
            "aws_iam_role_policy_attachment.node-AmazonEC2ContainerRegistryReadOnly",
            "aws_iam_role_policy_attachment.node-AmazonEKSWorkerNodePolicy",
            "aws_security_group.sg",
            "aws_subnet.subnets",
            "aws_eks_cluster.cluster",
            "aws_iam_role.cluster-role",
            "aws_iam_role.node",
            "data.aws_availability_zones.azs"
          ]
        }
      ]
    },
    {
      "mode": "managed",
      "type": "aws_iam_role",
      "name": "cluster-role",
      "provider": "provider[\"registry.terraform.io/hashicorp/aws\"]",
      "instances": [
        {
          "schema_version": 0,
          "attributes": {
            "arn": "arn:aws:iam::299566667849:role/kube-clustercamara-role",
            "assume_role_policy": "{\"Version\":\"2012-10-17\",\"Statement\":[{\"Effect\":\"Allow\",\"Principal\":{\"Service\":\"eks.amazonaws.com\"},\"Action\":\"sts:AssumeRole\"}]}",
            "create_date": "2022-01-14T13:20:29Z",
            "description": "",
            "force_detach_policies": false,
            "id": "kube-clustercamara-role",
            "inline_policy": [
              {
                "name": "",
                "policy": ""
              }
            ],
            "managed_policy_arns": [
              "arn:aws:iam::aws:policy/AmazonEKSClusterPolicy",
              "arn:aws:iam::aws:policy/AmazonEKSVPCResourceController"
            ],
            "max_session_duration": 3600,
            "name": "kube-clustercamara-role",
            "name_prefix": "",
            "path": "/",
            "permissions_boundary": null,
            "tags": {},
            "tags_all": {},
            "unique_id": "AROAULP4QTBE7YNZG2MPO"
          },
          "sensitive_attributes": [],
          "private": "bnVsbA=="
        }
      ]
    },
    {
      "mode": "managed",
      "type": "aws_iam_role",
      "name": "node",
      "provider": "provider[\"registry.terraform.io/hashicorp/aws\"]",
      "instances": [
        {
          "schema_version": 0,
          "attributes": {
            "arn": "arn:aws:iam::299566667849:role/kube-clustercamara-role-node",
            "assume_role_policy": "{\"Version\":\"2012-10-17\",\"Statement\":[{\"Effect\":\"Allow\",\"Principal\":{\"Service\":\"ec2.amazonaws.com\"},\"Action\":\"sts:AssumeRole\"}]}",
            "create_date": "2022-01-14T13:20:29Z",
            "description": "",
            "force_detach_policies": false,
            "id": "kube-clustercamara-role-node",
            "inline_policy": [
              {
                "name": "",
                "policy": ""
              }
            ],
            "managed_policy_arns": [
              "arn:aws:iam::aws:policy/AmazonEC2ContainerRegistryReadOnly",
              "arn:aws:iam::aws:policy/AmazonEKSWorkerNodePolicy",
              "arn:aws:iam::aws:policy/AmazonEKS_CNI_Policy"
            ],
            "max_session_duration": 3600,
            "name": "kube-clustercamara-role-node",
            "name_prefix": "",
            "path": "/",
            "permissions_boundary": null,
            "tags": {},
            "tags_all": {},
            "unique_id": "AROAULP4QTBET22PN6QKN"
          },
          "sensitive_attributes": [],
          "private": "bnVsbA=="
        }
      ]
    },
    {
      "mode": "managed",
      "type": "aws_iam_role_policy_attachment",
      "name": "cluster-AmazonEKSClusterPolicy",
      "provider": "provider[\"registry.terraform.io/hashicorp/aws\"]",
      "instances": [
        {
          "schema_version": 0,
          "attributes": {
            "id": "kube-clustercamara-role-20220114132032261600000002",
            "policy_arn": "arn:aws:iam::aws:policy/AmazonEKSClusterPolicy",
            "role": "kube-clustercamara-role"
          },
          "sensitive_attributes": [],
          "private": "bnVsbA==",
          "dependencies": [
            "aws_iam_role.cluster-role"
          ]
        }
      ]
    },
    {
      "mode": "managed",
      "type": "aws_iam_role_policy_attachment",
      "name": "cluster-AmazonEKSVPCResourceController",
      "provider": "provider[\"registry.terraform.io/hashicorp/aws\"]",
      "instances": [
        {
          "schema_version": 0,
          "attributes": {
            "id": "kube-clustercamara-role-20220114132032258800000001",
            "policy_arn": "arn:aws:iam::aws:policy/AmazonEKSVPCResourceController",
            "role": "kube-clustercamara-role"
          },
          "sensitive_attributes": [],
          "private": "bnVsbA==",
          "dependencies": [
            "aws_iam_role.cluster-role"
          ]
        }
      ]
    },
    {
      "mode": "managed",
      "type": "aws_iam_role_policy_attachment",
      "name": "node-AmazonEC2ContainerRegistryReadOnly",
      "provider": "provider[\"registry.terraform.io/hashicorp/aws\"]",
      "instances": [
        {
          "schema_version": 0,
          "attributes": {
            "id": "kube-clustercamara-role-node-20220114132032281500000004",
            "policy_arn": "arn:aws:iam::aws:policy/AmazonEC2ContainerRegistryReadOnly",
            "role": "kube-clustercamara-role-node"
          },
          "sensitive_attributes": [],
          "private": "bnVsbA==",
          "dependencies": [
            "aws_iam_role.node"
          ]
        }
      ]
    },
    {
      "mode": "managed",
      "type": "aws_iam_role_policy_attachment",
      "name": "node-AmazonEKSWorkerNodePolicy",
      "provider": "provider[\"registry.terraform.io/hashicorp/aws\"]",
      "instances": [
        {
          "schema_version": 0,
          "attributes": {
            "id": "kube-clustercamara-role-node-20220114132032360300000005",
            "policy_arn": "arn:aws:iam::aws:policy/AmazonEKSWorkerNodePolicy",
            "role": "kube-clustercamara-role-node"
          },
          "sensitive_attributes": [],
          "private": "bnVsbA==",
          "dependencies": [
            "aws_iam_role.node"
          ]
        }
      ]
    },
    {
      "mode": "managed",
      "type": "aws_iam_role_policy_attachment",
      "name": "node-AmazonEKS_CNI_Policy",
      "provider": "provider[\"registry.terraform.io/hashicorp/aws\"]",
      "instances": [
        {
          "schema_version": 0,
          "attributes": {
            "id": "kube-clustercamara-role-node-20220114132032276000000003",
            "policy_arn": "arn:aws:iam::aws:policy/AmazonEKS_CNI_Policy",
            "role": "kube-clustercamara-role-node"
          },
          "sensitive_attributes": [],
          "private": "bnVsbA==",
          "dependencies": [
            "aws_iam_role.node"
          ]
        }
      ]
    },
    {
      "mode": "managed",
      "type": "aws_internet_gateway",
      "name": "kube-igw",
      "provider": "provider[\"registry.terraform.io/hashicorp/aws\"]",
      "instances": [
        {
          "schema_version": 0,
          "attributes": {
            "arn": "arn:aws:ec2:us-east-1:299566667849:internet-gateway/igw-066ef67b154676cbd",
            "id": "igw-066ef67b154676cbd",
            "owner_id": "299566667849",
            "tags": {
              "Name": "kube-igw"
            },
            "tags_all": {
              "Name": "kube-igw"
            },
            "vpc_id": "vpc-020b3677175c475e6"
          },
          "sensitive_attributes": [],
          "private": "bnVsbA==",
          "dependencies": [
            "aws_vpc.kube-vpc"
          ]
        }
      ]
    },
    {
      "mode": "managed",
      "type": "aws_route_table",
      "name": "kube-routetable",
      "provider": "provider[\"registry.terraform.io/hashicorp/aws\"]",
      "instances": [
        {
          "schema_version": 0,
          "attributes": {
            "arn": "arn:aws:ec2:us-east-1:299566667849:route-table/rtb-07287a4de3bb6c13b",
            "id": "rtb-07287a4de3bb6c13b",
            "owner_id": "299566667849",
            "propagating_vgws": [],
            "route": [
              {
                "carrier_gateway_id": "",
                "cidr_block": "0.0.0.0/0",
                "destination_prefix_list_id": "",
                "egress_only_gateway_id": "",
                "gateway_id": "igw-066ef67b154676cbd",
                "instance_id": "",
                "ipv6_cidr_block": "",
                "local_gateway_id": "",
                "nat_gateway_id": "",
                "network_interface_id": "",
                "transit_gateway_id": "",
                "vpc_endpoint_id": "",
                "vpc_peering_connection_id": ""
              }
            ],
            "tags": {
              "Name": "kube-routetable"
            },
            "tags_all": {
              "Name": "kube-routetable"
            },
            "timeouts": null,
            "vpc_id": "vpc-020b3677175c475e6"
          },
          "sensitive_attributes": [],
          "private": "eyJlMmJmYjczMC1lY2FhLTExZTYtOGY4OC0zNDM2M2JjN2M0YzAiOnsiY3JlYXRlIjozMDAwMDAwMDAwMDAsImRlbGV0ZSI6MzAwMDAwMDAwMDAwLCJ1cGRhdGUiOjEyMDAwMDAwMDAwMH19",
          "dependencies": [
            "aws_internet_gateway.kube-igw",
            "aws_vpc.kube-vpc"
          ]
        }
      ]
    },
    {
      "mode": "managed",
      "type": "aws_route_table_association",
      "name": "kube-routetable-association",
      "provider": "provider[\"registry.terraform.io/hashicorp/aws\"]",
      "instances": [
        {
          "index_key": 0,
          "schema_version": 0,
          "attributes": {
            "gateway_id": "",
            "id": "rtbassoc-00e597f203e4a71b0",
            "route_table_id": "rtb-07287a4de3bb6c13b",
            "subnet_id": "subnet-0976f2f4c613023d7"
          },
          "sensitive_attributes": [],
          "private": "bnVsbA==",
          "dependencies": [
            "data.aws_availability_zones.azs",
            "aws_internet_gateway.kube-igw",
            "aws_route_table.kube-routetable",
            "aws_subnet.subnets",
            "aws_vpc.kube-vpc"
          ]
        },
        {
          "index_key": 1,
          "schema_version": 0,
          "attributes": {
            "gateway_id": "",
            "id": "rtbassoc-0c95abfdbbb4b3a5a",
            "route_table_id": "rtb-07287a4de3bb6c13b",
            "subnet_id": "subnet-0b992bea7d685172d"
          },
          "sensitive_attributes": [],
          "private": "bnVsbA==",
          "dependencies": [
            "aws_vpc.kube-vpc",
            "data.aws_availability_zones.azs",
            "aws_internet_gateway.kube-igw",
            "aws_route_table.kube-routetable",
            "aws_subnet.subnets"
          ]
        }
      ]
    },
    {
      "mode": "managed",
      "type": "aws_security_group",
      "name": "sg",
      "provider": "provider[\"registry.terraform.io/hashicorp/aws\"]",
      "instances": [
        {
          "schema_version": 1,
          "attributes": {
            "arn": "arn:aws:ec2:us-east-1:299566667849:security-group/sg-054967f25f46c9da4",
            "description": "Managed by Terraform",
            "egress": [
              {
                "cidr_blocks": [
                  "0.0.0.0/0"
                ],
                "description": "",
                "from_port": 0,
                "ipv6_cidr_blocks": [],
                "prefix_list_ids": [],
                "protocol": "-1",
                "security_groups": [],
                "self": false,
                "to_port": 0
              }
            ],
            "id": "sg-054967f25f46c9da4",
            "ingress": [],
            "name": "terraform-20220114132036464600000006",
            "name_prefix": "terraform-",
            "owner_id": "299566667849",
            "revoke_rules_on_delete": false,
            "tags": {
              "Name": "kube-securitygroup"
            },
            "tags_all": {
              "Name": "kube-securitygroup"
            },
            "timeouts": null,
            "vpc_id": "vpc-020b3677175c475e6"
          },
          "sensitive_attributes": [],
          "private": "eyJlMmJmYjczMC1lY2FhLTExZTYtOGY4OC0zNDM2M2JjN2M0YzAiOnsiY3JlYXRlIjo2MDAwMDAwMDAwMDAsImRlbGV0ZSI6OTAwMDAwMDAwMDAwfSwic2NoZW1hX3ZlcnNpb24iOiIxIn0=",
          "dependencies": [
            "aws_vpc.kube-vpc"
          ]
        }
      ]
    },
    {
      "mode": "managed",
      "type": "aws_subnet",
      "name": "subnets",
      "provider": "provider[\"registry.terraform.io/hashicorp/aws\"]",
      "instances": [
        {
          "index_key": 0,
          "schema_version": 1,
          "attributes": {
            "arn": "arn:aws:ec2:us-east-1:299566667849:subnet/subnet-0976f2f4c613023d7",
            "assign_ipv6_address_on_creation": false,
            "availability_zone": "us-east-1a",
            "availability_zone_id": "use1-az6",
            "cidr_block": "10.0.0.0/24",
            "customer_owned_ipv4_pool": "",
            "enable_dns64": false,
            "enable_resource_name_dns_a_record_on_launch": false,
            "enable_resource_name_dns_aaaa_record_on_launch": false,
            "id": "subnet-0976f2f4c613023d7",
            "ipv6_cidr_block": "",
            "ipv6_cidr_block_association_id": "",
            "ipv6_native": false,
            "map_customer_owned_ip_on_launch": false,
            "map_public_ip_on_launch": true,
            "outpost_arn": "",
            "owner_id": "299566667849",
            "private_dns_hostname_type_on_launch": "ip-name",
            "tags": {
              "Name": "kube-subnet-1"
            },
            "tags_all": {
              "Name": "kube-subnet-1"
            },
            "timeouts": null,
            "vpc_id": "vpc-020b3677175c475e6"
          },
          "sensitive_attributes": [],
          "private": "eyJlMmJmYjczMC1lY2FhLTExZTYtOGY4OC0zNDM2M2JjN2M0YzAiOnsiY3JlYXRlIjo2MDAwMDAwMDAwMDAsImRlbGV0ZSI6MTIwMDAwMDAwMDAwMH0sInNjaGVtYV92ZXJzaW9uIjoiMSJ9",
          "dependencies": [
            "aws_vpc.kube-vpc",
            "data.aws_availability_zones.azs"
          ]
        },
        {
          "index_key": 1,
          "schema_version": 1,
          "attributes": {
            "arn": "arn:aws:ec2:us-east-1:299566667849:subnet/subnet-0b992bea7d685172d",
            "assign_ipv6_address_on_creation": false,
            "availability_zone": "us-east-1b",
            "availability_zone_id": "use1-az1",
            "cidr_block": "10.0.1.0/24",
            "customer_owned_ipv4_pool": "",
            "enable_dns64": false,
            "enable_resource_name_dns_a_record_on_launch": false,
            "enable_resource_name_dns_aaaa_record_on_launch": false,
            "id": "subnet-0b992bea7d685172d",
            "ipv6_cidr_block": "",
            "ipv6_cidr_block_association_id": "",
            "ipv6_native": false,
            "map_customer_owned_ip_on_launch": false,
            "map_public_ip_on_launch": true,
            "outpost_arn": "",
            "owner_id": "299566667849",
            "private_dns_hostname_type_on_launch": "ip-name",
            "tags": {
              "Name": "kube-subnet-2"
            },
            "tags_all": {
              "Name": "kube-subnet-2"
            },
            "timeouts": null,
            "vpc_id": "vpc-020b3677175c475e6"
          },
          "sensitive_attributes": [],
          "private": "eyJlMmJmYjczMC1lY2FhLTExZTYtOGY4OC0zNDM2M2JjN2M0YzAiOnsiY3JlYXRlIjo2MDAwMDAwMDAwMDAsImRlbGV0ZSI6MTIwMDAwMDAwMDAwMH0sInNjaGVtYV92ZXJzaW9uIjoiMSJ9",
          "dependencies": [
            "aws_vpc.kube-vpc",
            "data.aws_availability_zones.azs"
          ]
        }
      ]
    },
    {
      "mode": "managed",
      "type": "aws_vpc",
      "name": "kube-vpc",
      "provider": "provider[\"registry.terraform.io/hashicorp/aws\"]",
      "instances": [
        {
          "schema_version": 1,
          "attributes": {
            "arn": "arn:aws:ec2:us-east-1:299566667849:vpc/vpc-020b3677175c475e6",
            "assign_generated_ipv6_cidr_block": false,
            "cidr_block": "10.0.0.0/16",
            "default_network_acl_id": "acl-0eed7269f3877d750",
            "default_route_table_id": "rtb-0bc68b07e0bc75522",
            "default_security_group_id": "sg-0a0d758e2bf586a85",
            "dhcp_options_id": "dopt-0f81587db98dd6de3",
            "enable_classiclink": false,
            "enable_classiclink_dns_support": false,
            "enable_dns_hostnames": false,
            "enable_dns_support": true,
            "id": "vpc-020b3677175c475e6",
            "instance_tenancy": "default",
            "ipv4_ipam_pool_id": null,
            "ipv4_netmask_length": null,
            "ipv6_association_id": "",
            "ipv6_cidr_block": "",
            "ipv6_ipam_pool_id": null,
            "ipv6_netmask_length": null,
            "main_route_table_id": "rtb-0bc68b07e0bc75522",
            "owner_id": "299566667849",
            "tags": {
              "Name": "kube-vpc"
            },
            "tags_all": {
              "Name": "kube-vpc"
            }
          },
          "sensitive_attributes": [],
          "private": "eyJzY2hlbWFfdmVyc2lvbiI6IjEifQ=="
        }
      ]
    },
    {
      "mode": "managed",
      "type": "local_file",
      "name": "kubeconfig",
      "provider": "provider[\"registry.terraform.io/hashicorp/local\"]",
      "instances": [
        {
          "schema_version": 0,
          "attributes": {
            "content": "apiVersion: v1\nclusters:\n- cluster:\n    certificate-authority-data: LS0tLS1CRUdJTiBDRVJUSUZJQ0FURS0tLS0tCk1JSUM1ekNDQWMrZ0F3SUJBZ0lCQURBTkJna3Foa2lHOXcwQkFRc0ZBREFWTVJNd0VRWURWUVFERXdwcmRXSmwKY201bGRHVnpNQjRYRFRJeU1ERXhOREV6TXpJeU1sb1hEVE15TURFeE1qRXpNekl5TWxvd0ZURVRNQkVHQTFVRQpBeE1LYTNWaVpYSnVaWFJsY3pDQ0FTSXdEUVlKS29aSWh2Y05BUUVCQlFBRGdnRVBBRENDQVFvQ2dnRUJBTU1UCmZGaG5obmVnYXZ0SnU1cUE3NW1ueC9mMHdabkY5RFZyckVsV1Z0ZTM2ZlIzREVNY251elVwTGxETWJkZ0MrUHgKcGhnOFd5RGNiR0gzb3FhUHQ1RjRXK1BkdXNRaldJaHpjdjdObWw4NmRoeEF5SDZ3NitacG9DbTFWZEtOUk00UwpPNXV0N3o3d1Fsc2lYai9iemVGdFF6YS93OHArU0psYnViSVVlZlAzWHpod21TeXVuYWxlaTZFMTBWaVduZzJzCnhOYkU0Z3luN2l3TWdzK3lRVkRxUkdhVmE5byt4dWhDdmtWSElBSnBJSDg5QUh5KyszRVE4YVE2MzJDbk5DdE0KdUJlUHFUK3pxa2hlZVgyR3dMWmdvQXRNa0Y5WnpjQS9sWWdoSzdFbUc3NHNhckg2U1dSNDhDcEVwQnBFKy9mZwo0UGJDeHhFT0g0dUFDRXQvOUgwQ0F3RUFBYU5DTUVBd0RnWURWUjBQQVFIL0JBUURBZ0trTUE4R0ExVWRFd0VCCi93UUZNQU1CQWY4d0hRWURWUjBPQkJZRUZQLytsdTJpYkpYd0FOaGRGTzlVSUdFSHl3bWFNQTBHQ1NxR1NJYjMKRFFFQkN3VUFBNElCQVFBb0RaMTVVdW81eVRCNnJKWS9aUkFxeEQyOVhrZkI5Y01uWGUzTGgyY2xHeUVvTGFTQQpENDVUSW14VHpVZVlEUStnSzUvczhhY0dNQVBISktmL0RmVUFYNnRmMDR2TXB1TDFLWi9ORnJxNHRCaGlnNDJLClBIMWRYUThvWnlxMjNwMDNZcHBzRjY0Q1ZlcEhUTkd0UEhhWDlSdnJGbFFaR1B5RmpUWjhIeHMybWZXWlY2R2IKNnhmcTZUbWdjNHhscTVmWlFML0V5QnZIRWh6Nkw0S0txbDdtYkF5V0FHN3BoMkcxMTBacDlqR0RSMlk0Um9rNgpzNEZ1eUVBTVRzVENFMnVabmhsWFNKd3pLeDV0WkRVQTZVVmFrcUNwMk9CYkVwdVBaRTNXbDYxT3BVek1JKzFSCkJZYnpPb1J6VXJoMm1GU2l2bUl2VDZ2cXNDZ1VmcWRZN1N4eAotLS0tLUVORCBDRVJUSUZJQ0FURS0tLS0tCg==\n    server: https://8F9B0080C2BD61817ED033DE885B02AA.gr7.us-east-1.eks.amazonaws.com\n  name: kubernetes\ncontexts:\n- context:\n    cluster: kubernetes\n    user: kube-clustercamara\n  name: kube-clustercamara\ncurrent-context: kube-clustercamara\nkind: Config\npreferences: {}\nusers:\n- name: kube-clustercamara\n  user:\n    exec:\n      apiVersion: client.authentication.k8s.io/v1alpha1\n      command: aws-iam-authenticator\n      args:\n        - \"token\"\n        - \"-i\"\n        - \"kube-clustercamara\"\n",
            "content_base64": null,
            "directory_permission": "0777",
            "file_permission": "0777",
            "filename": "kubeconfig",
            "id": "9616280794d71166d4a6fc3d458fe14eaa7a4c72",
            "sensitive_content": null,
            "source": null
          },
          "sensitive_attributes": [],
          "private": "bnVsbA==",
          "dependencies": [
            "aws_eks_cluster.cluster"
          ]
        }
      ]
    }
  ]
}
