{
  "version": 4,
  "terraform_version": "1.1.3",
  "serial": 1,
  "lineage": "0dbb3a32-b6ce-7e3c-b2b7-ad68b30f0732",
  "outputs": {},
  "resources": [
    {
      "mode": "managed",
      "type": "local_file",
      "name": "exemplo",
      "provider": "provider[\"registry.terraform.io/hashicorp/local\"]",
      "instances": [
        {
          "schema_version": 0,
          "attributes": {
            "content": "Roberto Camara",
            "content_base64": null,
            "directory_permission": "0777",
            "file_permission": "0777",
            "filename": "exemplo.txt",
            "id": "d9b020a39c16aa2d5dc751486a0fdf443e49f306",
            "sensitive_content": null,
            "source": null
          },
          "sensitive_attributes": [],
          "private": "bnVsbA=="
        }
      ]
    }
  ]
}
